PODS:
  - Alamofire (4.6.0)
  - AlamofireImage (3.3.0):
    - Alamofire (~> 4.5)
  - KeychainAccess (3.0.1)
  - OAuthSwift (1.2.0)
  - OAuthSwiftAlamofire (0.1.0):
    - Alamofire
    - OAuthSwift
  - UITextView+Placeholder (1.2.0)

DEPENDENCIES:
  - Alamofire (~> 4.5)
  - AlamofireImage (~> 3.3.0)
  - KeychainAccess
  - OAuthSwift (~> 1.2.0)
  - OAuthSwiftAlamofire
  - UITextView+Placeholder (~> 1.2)

SPEC CHECKSUMS:
  Alamofire: f41a599bd63041760b26d393ec1069d9d7b917f4
  AlamofireImage: 2e784dc5d00f04903a52c1d169181469c805c3df
  KeychainAccess: 017ea25e313a49eda10bb19b0bb0760fb1edfe1a
  OAuthSwift: 7fd6855b8e4d58eb5a30d156ea9bed7a8aecd1ca
  OAuthSwiftAlamofire: 20bb998ac506f82c3bab0625fbc98a9c6fca783f
  UITextView+Placeholder: 77680995fcdd07c3f52ec92fe1150874a2ac89ff

PODFILE CHECKSUM: 4f4a4beffcc2ca900055dc80da232b9d8e153dd4

COCOAPODS: 1.4.0
